
Microsoft Visual Studio Solution File, Format Version 12.00
# Visual Studio Version 17
VisualStudioVersion = 17.13.36105.23 d17.13
MinimumVisualStudioVersion = 10.0.40219.1
Project("{FAE04EC0-301F-11D3-BF4B-00C04F79EFBC}") = "Final_WatchWave", "Final_WatchWave\Final_WatchWave.csproj", "{911D2336-5D3F-4670-ACD3-315BBA60D17C}"
EndProject
Global
	GlobalSection(SolutionConfigurationPlatforms) = preSolution
		Debug|Any CPU = Debug|Any CPU
		Release|Any CPU = Release|Any CPU
	EndGlobalSection
	GlobalSection(ProjectConfigurationPlatforms) = postSolution
		{911D2336-5D3F-4670-ACD3-315BBA60D17C}.Debug|Any CPU.ActiveCfg = Debug|Any CPU
		{911D2336-5D3F-4670-ACD3-315BBA60D17C}.Debug|Any CPU.Build.0 = Debug|Any CPU
		{911D2336-5D3F-4670-ACD3-315BBA60D17C}.Release|Any CPU.ActiveCfg = Release|Any CPU
		{911D2336-5D3F-4670-ACD3-315BBA60D17C}.Release|Any CPU.Build.0 = Release|Any CPU
	EndGlobalSection
	GlobalSection(SolutionProperties) = preSolution
		HideSolutionNode = FALSE
	EndGlobalSection
	GlobalSection(ExtensibilityGlobals) = postSolution
		SolutionGuid = {0EEDEF89-37CC-40EA-BA50-9C5498760F92}
	EndGlobalSection
EndGlobal
